{
  "name": "portfolio",
  "version": "1.0.0",
  "lockfileVersion": 1,
  "requires": true,
  "dependencies": {
    "minireset.css": {
      "version": "0.0.5",
      "resolved": "https://registry.npmjs.org/minireset.css/-/minireset.css-0.0.5.tgz",
      "integrity": "sha512-q3Z1aXZaZyrXeHqg8+LeKvrmCVC3D295RLhYeLNFP9MUKndNAmQXRJXAbu4JhhDdErZPTLDxDt4kTVpWBRaB6A=="
    }
  }
}
